
Microsoft Visual Studio Solution File, Format Version 12.00
# Visual Studio Version 17
VisualStudioVersion = 17.7.34202.233
MinimumVisualStudioVersion = 10.0.40219.1
Project("{FAE04EC0-301F-11D3-BF4B-00C04F79EFBC}") = "HotelAPI", "HotelAPI\HotelAPI.csproj", "{66D11EB0-AA88-463C-B4C5-6C252AC591E2}"
EndProject
Global
	GlobalSection(SolutionConfigurationPlatforms) = preSolution
		Debug|Any CPU = Debug|Any CPU
		Release|Any CPU = Release|Any CPU
	EndGlobalSection
	GlobalSection(ProjectConfigurationPlatforms) = postSolution
		{66D11EB0-AA88-463C-B4C5-6C252AC591E2}.Debug|Any CPU.ActiveCfg = Debug|Any CPU
		{66D11EB0-AA88-463C-B4C5-6C252AC591E2}.Debug|Any CPU.Build.0 = Debug|Any CPU
		{66D11EB0-AA88-463C-B4C5-6C252AC591E2}.Release|Any CPU.ActiveCfg = Release|Any CPU
		{66D11EB0-AA88-463C-B4C5-6C252AC591E2}.Release|Any CPU.Build.0 = Release|Any CPU
	EndGlobalSection
	GlobalSection(SolutionProperties) = preSolution
		HideSolutionNode = FALSE
	EndGlobalSection
	GlobalSection(ExtensibilityGlobals) = postSolution
		SolutionGuid = {3169E275-E1F1-4C20-BB85-82979A8B3B67}
	EndGlobalSection
EndGlobal
